
Microsoft Visual Studio Solution File, Format Version 12.00
# Visual Studio Version 17
VisualStudioVersion = 17.1.32328.378
MinimumVisualStudioVersion = 10.0.40219.1
Project("{9A19103F-16F7-4668-BE54-9A1E7A4F7556}") = "RoyalLifeSavings", "src\RoyalLifeSavings\RoyalLifeSavings.csproj", "{3B22D21C-D286-41A0-9BF0-0E854492FDEB}"
EndProject
Global
	GlobalSection(SolutionConfigurationPlatforms) = preSolution
		Debug|Any CPU = Debug|Any CPU
		Release|Any CPU = Release|Any CPU
	EndGlobalSection
	GlobalSection(ProjectConfigurationPlatforms) = postSolution
		{3B22D21C-D286-41A0-9BF0-0E854492FDEB}.Debug|Any CPU.ActiveCfg = Debug|Any CPU
		{3B22D21C-D286-41A0-9BF0-0E854492FDEB}.Debug|Any CPU.Build.0 = Debug|Any CPU
		{3B22D21C-D286-41A0-9BF0-0E854492FDEB}.Release|Any CPU.ActiveCfg = Release|Any CPU
		{3B22D21C-D286-41A0-9BF0-0E854492FDEB}.Release|Any CPU.Build.0 = Release|Any CPU
	EndGlobalSection
	GlobalSection(SolutionProperties) = preSolution
		HideSolutionNode = FALSE
	EndGlobalSection
	GlobalSection(ExtensibilityGlobals) = postSolution
		SolutionGuid = {27DEB937-9B11-4220-B78E-8A5D4E56DCFE}
	EndGlobalSection
EndGlobal
