
Microsoft Visual Studio Solution File, Format Version 12.00
# Visual Studio Version 17
VisualStudioVersion = 17.1.32328.378
MinimumVisualStudioVersion = 10.0.40219.1
Project("{FAE04EC0-301F-11D3-BF4B-00C04F79EFBC}") = "RoyalLifeSavings", "RoyalLifeSavings\RoyalLifeSavings.csproj", "{BDD659C0-080E-44D6-8404-C8412B03A23F}"
EndProject
Global
	GlobalSection(SolutionConfigurationPlatforms) = preSolution
		Debug|Any CPU = Debug|Any CPU
		Release|Any CPU = Release|Any CPU
	EndGlobalSection
	GlobalSection(ProjectConfigurationPlatforms) = postSolution
		{BDD659C0-080E-44D6-8404-C8412B03A23F}.Debug|Any CPU.ActiveCfg = Debug|Any CPU
		{BDD659C0-080E-44D6-8404-C8412B03A23F}.Debug|Any CPU.Build.0 = Debug|Any CPU
		{BDD659C0-080E-44D6-8404-C8412B03A23F}.Release|Any CPU.ActiveCfg = Release|Any CPU
		{BDD659C0-080E-44D6-8404-C8412B03A23F}.Release|Any CPU.Build.0 = Release|Any CPU
	EndGlobalSection
	GlobalSection(SolutionProperties) = preSolution
		HideSolutionNode = FALSE
	EndGlobalSection
	GlobalSection(ExtensibilityGlobals) = postSolution
		SolutionGuid = {27DEB937-9B11-4220-B78E-8A5D4E56DCFE}
	EndGlobalSection
EndGlobal
